
Microsoft Visual Studio Solution File, Format Version 12.00
# Visual Studio Version 17
VisualStudioVersion = 17.14.37203.1 d17.14
MinimumVisualStudioVersion = 10.0.40219.1
Project("{FAE04EC0-301F-11D3-BF4B-00C04F79EFBC}") = "KasraLoan.Domain", "KasraLoan.Domain\KasraLoan.Domain.csproj", "{055E9CE9-D041-4E95-8CDE-CACAC0E6355A}"
EndProject
Project("{FAE04EC0-301F-11D3-BF4B-00C04F79EFBC}") = "KasraLoan.Application", "KasraLoan.Application\KasraLoan.Application.csproj", "{59B47443-5DAD-4818-9793-3AA03090C13B}"
EndProject
Project("{FAE04EC0-301F-11D3-BF4B-00C04F79EFBC}") = "KasraLoan.Infrastructure", "KasraLoan.Infrastructure\KasraLoan.Infrastructure.csproj", "{35971D16-BA3D-411E-90F7-7A21D1358D8F}"
EndProject
Project("{FAE04EC0-301F-11D3-BF4B-00C04F79EFBC}") = "KasraLoan.API", "KasraLoan.API\KasraLoan.API.csproj", "{9114F34C-09FB-422A-B0CF-D8DA34DB7BB0}"
EndProject
Global
	GlobalSection(SolutionConfigurationPlatforms) = preSolution
		Debug|Any CPU = Debug|Any CPU
		Release|Any CPU = Release|Any CPU
	EndGlobalSection
	GlobalSection(ProjectConfigurationPlatforms) = postSolution
		{055E9CE9-D041-4E95-8CDE-CACAC0E6355A}.Debug|Any CPU.ActiveCfg = Debug|Any CPU
		{055E9CE9-D041-4E95-8CDE-CACAC0E6355A}.Debug|Any CPU.Build.0 = Debug|Any CPU
		{055E9CE9-D041-4E95-8CDE-CACAC0E6355A}.Release|Any CPU.ActiveCfg = Release|Any CPU
		{055E9CE9-D041-4E95-8CDE-CACAC0E6355A}.Release|Any CPU.Build.0 = Release|Any CPU
		{59B47443-5DAD-4818-9793-3AA03090C13B}.Debug|Any CPU.ActiveCfg = Debug|Any CPU
		{59B47443-5DAD-4818-9793-3AA03090C13B}.Debug|Any CPU.Build.0 = Debug|Any CPU
		{59B47443-5DAD-4818-9793-3AA03090C13B}.Release|Any CPU.ActiveCfg = Release|Any CPU
		{59B47443-5DAD-4818-9793-3AA03090C13B}.Release|Any CPU.Build.0 = Release|Any CPU
		{35971D16-BA3D-411E-90F7-7A21D1358D8F}.Debug|Any CPU.ActiveCfg = Debug|Any CPU
		{35971D16-BA3D-411E-90F7-7A21D1358D8F}.Debug|Any CPU.Build.0 = Debug|Any CPU
		{35971D16-BA3D-411E-90F7-7A21D1358D8F}.Release|Any CPU.ActiveCfg = Release|Any CPU
		{35971D16-BA3D-411E-90F7-7A21D1358D8F}.Release|Any CPU.Build.0 = Release|Any CPU
		{9114F34C-09FB-422A-B0CF-D8DA34DB7BB0}.Debug|Any CPU.ActiveCfg = Debug|Any CPU
		{9114F34C-09FB-422A-B0CF-D8DA34DB7BB0}.Debug|Any CPU.Build.0 = Debug|Any CPU
		{9114F34C-09FB-422A-B0CF-D8DA34DB7BB0}.Release|Any CPU.ActiveCfg = Release|Any CPU
		{9114F34C-09FB-422A-B0CF-D8DA34DB7BB0}.Release|Any CPU.Build.0 = Release|Any CPU
	EndGlobalSection
	GlobalSection(SolutionProperties) = preSolution
		HideSolutionNode = FALSE
	EndGlobalSection
	GlobalSection(ExtensibilityGlobals) = postSolution
		SolutionGuid = {52831D5D-AA99-4645-8094-14DDD5AFF428}
	EndGlobalSection
EndGlobal
